
Microsoft Visual Studio Solution File, Format Version 12.00
# Visual Studio Version 17
VisualStudioVersion = 17.3.32825.248
MinimumVisualStudioVersion = 10.0.40219.1
Project("{FAE04EC0-301F-11D3-BF4B-00C04F79EFBC}") = "ADT", "ADT\ADT.csproj", "{B2AB6294-F70C-40AD-A3FE-4CE029929CEF}"
	ProjectSection(ProjectDependencies) = postProject
		{12DA0E0E-3FB8-456F-918B-07C284A10C20} = {12DA0E0E-3FB8-456F-918B-07C284A10C20}
	EndProjectSection
EndProject
Project("{FAE04EC0-301F-11D3-BF4B-00C04F79EFBC}") = "Node", "Node\Node.csproj", "{12DA0E0E-3FB8-456F-918B-07C284A10C20}"
EndProject
Project("{FAE04EC0-301F-11D3-BF4B-00C04F79EFBC}") = "Stack", "Stack\Stack.csproj", "{207F5C3D-5551-43BE-A9D6-A6053A7B3AEE}"
	ProjectSection(ProjectDependencies) = postProject
		{12DA0E0E-3FB8-456F-918B-07C284A10C20} = {12DA0E0E-3FB8-456F-918B-07C284A10C20}
	EndProjectSection
EndProject
Project("{FAE04EC0-301F-11D3-BF4B-00C04F79EFBC}") = "Queue", "Queue\Queue.csproj", "{5A55CACE-77BC-4324-A2F2-F683E9889657}"
	ProjectSection(ProjectDependencies) = postProject
		{12DA0E0E-3FB8-456F-918B-07C284A10C20} = {12DA0E0E-3FB8-456F-918B-07C284A10C20}
	EndProjectSection
EndProject
Project("{FAE04EC0-301F-11D3-BF4B-00C04F79EFBC}") = "BinNode", "BinNode\BinNode.csproj", "{F7075FA5-3ECE-4150-B727-4BD0CE7F16A9}"
	ProjectSection(ProjectDependencies) = postProject
		{12DA0E0E-3FB8-456F-918B-07C284A10C20} = {12DA0E0E-3FB8-456F-918B-07C284A10C20}
	EndProjectSection
EndProject
Global
	GlobalSection(SolutionConfigurationPlatforms) = preSolution
		Debug|Any CPU = Debug|Any CPU
		Release|Any CPU = Release|Any CPU
	EndGlobalSection
	GlobalSection(ProjectConfigurationPlatforms) = postSolution
		{B2AB6294-F70C-40AD-A3FE-4CE029929CEF}.Debug|Any CPU.ActiveCfg = Debug|Any CPU
		{B2AB6294-F70C-40AD-A3FE-4CE029929CEF}.Debug|Any CPU.Build.0 = Debug|Any CPU
		{B2AB6294-F70C-40AD-A3FE-4CE029929CEF}.Release|Any CPU.ActiveCfg = Release|Any CPU
		{B2AB6294-F70C-40AD-A3FE-4CE029929CEF}.Release|Any CPU.Build.0 = Release|Any CPU
		{12DA0E0E-3FB8-456F-918B-07C284A10C20}.Debug|Any CPU.ActiveCfg = Debug|Any CPU
		{12DA0E0E-3FB8-456F-918B-07C284A10C20}.Debug|Any CPU.Build.0 = Debug|Any CPU
		{12DA0E0E-3FB8-456F-918B-07C284A10C20}.Release|Any CPU.ActiveCfg = Release|Any CPU
		{12DA0E0E-3FB8-456F-918B-07C284A10C20}.Release|Any CPU.Build.0 = Release|Any CPU
		{207F5C3D-5551-43BE-A9D6-A6053A7B3AEE}.Debug|Any CPU.ActiveCfg = Debug|Any CPU
		{207F5C3D-5551-43BE-A9D6-A6053A7B3AEE}.Debug|Any CPU.Build.0 = Debug|Any CPU
		{207F5C3D-5551-43BE-A9D6-A6053A7B3AEE}.Release|Any CPU.ActiveCfg = Release|Any CPU
		{207F5C3D-5551-43BE-A9D6-A6053A7B3AEE}.Release|Any CPU.Build.0 = Release|Any CPU
		{5A55CACE-77BC-4324-A2F2-F683E9889657}.Debug|Any CPU.ActiveCfg = Debug|Any CPU
		{5A55CACE-77BC-4324-A2F2-F683E9889657}.Debug|Any CPU.Build.0 = Debug|Any CPU
		{5A55CACE-77BC-4324-A2F2-F683E9889657}.Release|Any CPU.ActiveCfg = Release|Any CPU
		{5A55CACE-77BC-4324-A2F2-F683E9889657}.Release|Any CPU.Build.0 = Release|Any CPU
		{F7075FA5-3ECE-4150-B727-4BD0CE7F16A9}.Debug|Any CPU.ActiveCfg = Debug|Any CPU
		{F7075FA5-3ECE-4150-B727-4BD0CE7F16A9}.Debug|Any CPU.Build.0 = Debug|Any CPU
		{F7075FA5-3ECE-4150-B727-4BD0CE7F16A9}.Release|Any CPU.ActiveCfg = Release|Any CPU
		{F7075FA5-3ECE-4150-B727-4BD0CE7F16A9}.Release|Any CPU.Build.0 = Release|Any CPU
	EndGlobalSection
	GlobalSection(SolutionProperties) = preSolution
		HideSolutionNode = FALSE
	EndGlobalSection
	GlobalSection(ExtensibilityGlobals) = postSolution
		SolutionGuid = {7ABC5DE2-5094-4BA4-B8A6-DF717F46A7C4}
	EndGlobalSection
EndGlobal
